
Microsoft Visual Studio Solution File, Format Version 12.00
# Visual Studio Version 17
VisualStudioVersion = 17.8.34004.107
MinimumVisualStudioVersion = 10.0.40219.1
Project("{FAE04EC0-301F-11D3-BF4B-00C04F79EFBC}") = "BlazorUI", "BlazorUI\BlazorUI.csproj", "{31A55736-DBD2-44E9-8D16-641E2A2F8B0E}"
EndProject
Project("{FAE04EC0-301F-11D3-BF4B-00C04F79EFBC}") = "DemoLibrary", "DemoLibrary\DemoLibrary.csproj", "{80A3E1EB-0137-47B0-B7D0-C1350AE1EFA8}"
EndProject
Project("{FAE04EC0-301F-11D3-BF4B-00C04F79EFBC}") = "DemoApi", "DemoApi\DemoApi.csproj", "{4A7B8516-6B04-4587-9D6B-589A9295C9B4}"
EndProject
Global
	GlobalSection(SolutionConfigurationPlatforms) = preSolution
		Debug|Any CPU = Debug|Any CPU
		Release|Any CPU = Release|Any CPU
	EndGlobalSection
	GlobalSection(ProjectConfigurationPlatforms) = postSolution
		{31A55736-DBD2-44E9-8D16-641E2A2F8B0E}.Debug|Any CPU.ActiveCfg = Debug|Any CPU
		{31A55736-DBD2-44E9-8D16-641E2A2F8B0E}.Debug|Any CPU.Build.0 = Debug|Any CPU
		{31A55736-DBD2-44E9-8D16-641E2A2F8B0E}.Release|Any CPU.ActiveCfg = Release|Any CPU
		{31A55736-DBD2-44E9-8D16-641E2A2F8B0E}.Release|Any CPU.Build.0 = Release|Any CPU
		{80A3E1EB-0137-47B0-B7D0-C1350AE1EFA8}.Debug|Any CPU.ActiveCfg = Debug|Any CPU
		{80A3E1EB-0137-47B0-B7D0-C1350AE1EFA8}.Debug|Any CPU.Build.0 = Debug|Any CPU
		{80A3E1EB-0137-47B0-B7D0-C1350AE1EFA8}.Release|Any CPU.ActiveCfg = Release|Any CPU
		{80A3E1EB-0137-47B0-B7D0-C1350AE1EFA8}.Release|Any CPU.Build.0 = Release|Any CPU
		{4A7B8516-6B04-4587-9D6B-589A9295C9B4}.Debug|Any CPU.ActiveCfg = Debug|Any CPU
		{4A7B8516-6B04-4587-9D6B-589A9295C9B4}.Debug|Any CPU.Build.0 = Debug|Any CPU
		{4A7B8516-6B04-4587-9D6B-589A9295C9B4}.Release|Any CPU.ActiveCfg = Release|Any CPU
		{4A7B8516-6B04-4587-9D6B-589A9295C9B4}.Release|Any CPU.Build.0 = Release|Any CPU
	EndGlobalSection
	GlobalSection(SolutionProperties) = preSolution
		HideSolutionNode = FALSE
	EndGlobalSection
	GlobalSection(ExtensibilityGlobals) = postSolution
		SolutionGuid = {4B87A1A6-D309-4212-82D9-D909C0675EA8}
	EndGlobalSection
EndGlobal
